
Microsoft Visual Studio Solution File, Format Version 12.00
# Visual Studio Version 17
VisualStudioVersion = 17.0.31903.59
MinimumVisualStudioVersion = 10.0.40219.1
Project("{FAE04EC0-301F-11D3-BF4B-00C04F79EFBC}") = "YT-RED", "YT-RED\YT-RED.csproj", "{CAAFEFEB-2C53-443B-AAE2-C3B84EBFBD80}"
EndProject
Global
	GlobalSection(SolutionConfigurationPlatforms) = preSolution
		Debug|Any CPU = Debug|Any CPU
		Release|Any CPU = Release|Any CPU
	EndGlobalSection
	GlobalSection(ProjectConfigurationPlatforms) = postSolution
		{CAAFEFEB-2C53-443B-AAE2-C3B84EBFBD80}.Debug|Any CPU.ActiveCfg = Debug|Any CPU
		{CAAFEFEB-2C53-443B-AAE2-C3B84EBFBD80}.Debug|Any CPU.Build.0 = Debug|Any CPU
		{CAAFEFEB-2C53-443B-AAE2-C3B84EBFBD80}.Release|Any CPU.ActiveCfg = Release|Any CPU
		{CAAFEFEB-2C53-443B-AAE2-C3B84EBFBD80}.Release|Any CPU.Build.0 = Release|Any CPU
	EndGlobalSection
	GlobalSection(SolutionProperties) = preSolution
		HideSolutionNode = FALSE
	EndGlobalSection
	GlobalSection(ExtensibilityGlobals) = postSolution
		SolutionGuid = {372933C6-DFFC-41EB-AB11-05BF4194CC5A}
	EndGlobalSection
EndGlobal
